
Microsoft Visual Studio Solution File, Format Version 12.00
# Visual Studio Version 17
VisualStudioVersion = 17.2.32505.173
MinimumVisualStudioVersion = 10.0.40219.1
Project("{FAE04EC0-301F-11D3-BF4B-00C04F79EFBC}") = "Machine.Specifications.Templates", "src\Machine.Specifications.Templates\Machine.Specifications.Templates.csproj", "{990648B2-72B8-40FC-BEAC-6EACB5AD9462}"
EndProject
Global
	GlobalSection(SolutionConfigurationPlatforms) = preSolution
		Debug|Any CPU = Debug|Any CPU
		Release|Any CPU = Release|Any CPU
	EndGlobalSection
	GlobalSection(ProjectConfigurationPlatforms) = postSolution
		{990648B2-72B8-40FC-BEAC-6EACB5AD9462}.Debug|Any CPU.ActiveCfg = Debug|Any CPU
		{990648B2-72B8-40FC-BEAC-6EACB5AD9462}.Debug|Any CPU.Build.0 = Debug|Any CPU
		{990648B2-72B8-40FC-BEAC-6EACB5AD9462}.Release|Any CPU.ActiveCfg = Release|Any CPU
		{990648B2-72B8-40FC-BEAC-6EACB5AD9462}.Release|Any CPU.Build.0 = Release|Any CPU
	EndGlobalSection
	GlobalSection(SolutionProperties) = preSolution
		HideSolutionNode = FALSE
	EndGlobalSection
	GlobalSection(ExtensibilityGlobals) = postSolution
		SolutionGuid = {9DD1F7FA-8C57-4C03-B95A-25148A0D5536}
	EndGlobalSection
EndGlobal
